
Microsoft Visual Studio Solution File, Format Version 12.00
# Visual Studio Version 16
VisualStudioVersion = 16.0.31729.503
MinimumVisualStudioVersion = 10.0.40219.1
Project("{E24C65DC-7377-472B-9ABA-BC803B73C61A}") = "Portafolio", ".", "{854B8B8D-139B-4025-841A-504C61F68A01}"
	ProjectSection(WebsiteProperties) = preProject
		TargetFrameworkMoniker = ".NETFramework,Version%3Dv4.0"
		Debug.AspNetCompiler.VirtualPath = "/localhost_53249"
		Debug.AspNetCompiler.PhysicalPath = "..\Portafolio\"
		Debug.AspNetCompiler.TargetPath = "PrecompiledWeb\localhost_53249\"
		Debug.AspNetCompiler.Updateable = "true"
		Debug.AspNetCompiler.ForceOverwrite = "true"
		Debug.AspNetCompiler.FixedNames = "false"
		Debug.AspNetCompiler.Debug = "True"
		Release.AspNetCompiler.VirtualPath = "/localhost_53249"
		Release.AspNetCompiler.PhysicalPath = "..\Portafolio\"
		Release.AspNetCompiler.TargetPath = "PrecompiledWeb\localhost_53249\"
		Release.AspNetCompiler.Updateable = "true"
		Release.AspNetCompiler.ForceOverwrite = "true"
		Release.AspNetCompiler.FixedNames = "false"
		Release.AspNetCompiler.Debug = "False"
		VWDPort = "53249"
		SlnRelativePath = "..\Portafolio\"
	EndProjectSection
EndProject
Global
	GlobalSection(SolutionConfigurationPlatforms) = preSolution
		Debug|Any CPU = Debug|Any CPU
	EndGlobalSection
	GlobalSection(ProjectConfigurationPlatforms) = postSolution
		{854B8B8D-139B-4025-841A-504C61F68A01}.Debug|Any CPU.ActiveCfg = Debug|Any CPU
		{854B8B8D-139B-4025-841A-504C61F68A01}.Debug|Any CPU.Build.0 = Debug|Any CPU
	EndGlobalSection
	GlobalSection(SolutionProperties) = preSolution
		HideSolutionNode = FALSE
	EndGlobalSection
	GlobalSection(ExtensibilityGlobals) = postSolution
		SolutionGuid = {865B99CF-BCAE-4438-B377-9D7624F458BB}
	EndGlobalSection
EndGlobal
